
Microsoft Visual Studio Solution File, Format Version 12.00
# Visual Studio 15
VisualStudioVersion = 15.0.27428.2015
MinimumVisualStudioVersion = 10.0.40219.1
Project("{FAE04EC0-301F-11D3-BF4B-00C04F79EFBC}") = "Singleton_02", "Singleton_02\Singleton_02.csproj", "{43175B5A-5D59-4142-9E6A-B2E67ECD09E3}"
EndProject
Global
	GlobalSection(SolutionConfigurationPlatforms) = preSolution
		Debug|Any CPU = Debug|Any CPU
		Release|Any CPU = Release|Any CPU
	EndGlobalSection
	GlobalSection(ProjectConfigurationPlatforms) = postSolution
		{43175B5A-5D59-4142-9E6A-B2E67ECD09E3}.Debug|Any CPU.ActiveCfg = Debug|Any CPU
		{43175B5A-5D59-4142-9E6A-B2E67ECD09E3}.Debug|Any CPU.Build.0 = Debug|Any CPU
		{43175B5A-5D59-4142-9E6A-B2E67ECD09E3}.Release|Any CPU.ActiveCfg = Release|Any CPU
		{43175B5A-5D59-4142-9E6A-B2E67ECD09E3}.Release|Any CPU.Build.0 = Release|Any CPU
	EndGlobalSection
	GlobalSection(SolutionProperties) = preSolution
		HideSolutionNode = FALSE
	EndGlobalSection
	GlobalSection(ExtensibilityGlobals) = postSolution
		SolutionGuid = {D5EF22E6-8E0A-4194-91E7-4A9DA687E7C3}
	EndGlobalSection
EndGlobal
