
Microsoft Visual Studio Solution File, Format Version 12.00
# Visual Studio 15
VisualStudioVersion = 15.0.27428.2015
MinimumVisualStudioVersion = 10.0.40219.1
Project("{FAE04EC0-301F-11D3-BF4B-00C04F79EFBC}") = "Singleton-DP-03", "Singleton-DP-03\Singleton-DP-03.csproj", "{15DDCDD6-FD65-4DB6-9BBF-D267F61471BD}"
EndProject
Global
	GlobalSection(SolutionConfigurationPlatforms) = preSolution
		Debug|Any CPU = Debug|Any CPU
		Release|Any CPU = Release|Any CPU
	EndGlobalSection
	GlobalSection(ProjectConfigurationPlatforms) = postSolution
		{15DDCDD6-FD65-4DB6-9BBF-D267F61471BD}.Debug|Any CPU.ActiveCfg = Debug|Any CPU
		{15DDCDD6-FD65-4DB6-9BBF-D267F61471BD}.Debug|Any CPU.Build.0 = Debug|Any CPU
		{15DDCDD6-FD65-4DB6-9BBF-D267F61471BD}.Release|Any CPU.ActiveCfg = Release|Any CPU
		{15DDCDD6-FD65-4DB6-9BBF-D267F61471BD}.Release|Any CPU.Build.0 = Release|Any CPU
	EndGlobalSection
	GlobalSection(SolutionProperties) = preSolution
		HideSolutionNode = FALSE
	EndGlobalSection
	GlobalSection(ExtensibilityGlobals) = postSolution
		SolutionGuid = {E85C56AA-FD89-4DCB-B825-E25DD8F183B6}
	EndGlobalSection
EndGlobal
